
Microsoft Visual Studio Solution File, Format Version 12.00
# Visual Studio Version 17
VisualStudioVersion = 17.0.31815.197
MinimumVisualStudioVersion = 10.0.40219.1
Project("{FAE04EC0-301F-11D3-BF4B-00C04F79EFBC}") = "NotasTarea2.Android", "NotasTarea2.Android\NotasTarea2.Android.csproj", "{71F4C695-571A-4959-9F65-1DB65483B26B}"
EndProject
Project("{FAE04EC0-301F-11D3-BF4B-00C04F79EFBC}") = "NotasTarea2.iOS", "NotasTarea2.iOS\NotasTarea2.iOS.csproj", "{A21BBB7F-F947-4359-A068-DA59E158A8EB}"
EndProject
Project("{FAE04EC0-301F-11D3-BF4B-00C04F79EFBC}") = "NotasTarea2", "NotasTarea2\NotasTarea2.csproj", "{D36E4D36-3F65-496F-8BED-76ABB8F0D6AA}"
EndProject
Global
	GlobalSection(SolutionConfigurationPlatforms) = preSolution
		Debug|Any CPU = Debug|Any CPU
		Debug|iPhone = Debug|iPhone
		Debug|iPhoneSimulator = Debug|iPhoneSimulator
		Release|Any CPU = Release|Any CPU
		Release|iPhone = Release|iPhone
		Release|iPhoneSimulator = Release|iPhoneSimulator
	EndGlobalSection
	GlobalSection(ProjectConfigurationPlatforms) = postSolution
		{71F4C695-571A-4959-9F65-1DB65483B26B}.Debug|Any CPU.ActiveCfg = Debug|Any CPU
		{71F4C695-571A-4959-9F65-1DB65483B26B}.Debug|Any CPU.Build.0 = Debug|Any CPU
		{71F4C695-571A-4959-9F65-1DB65483B26B}.Debug|Any CPU.Deploy.0 = Debug|Any CPU
		{71F4C695-571A-4959-9F65-1DB65483B26B}.Debug|iPhone.ActiveCfg = Debug|Any CPU
		{71F4C695-571A-4959-9F65-1DB65483B26B}.Debug|iPhone.Build.0 = Debug|Any CPU
		{71F4C695-571A-4959-9F65-1DB65483B26B}.Debug|iPhone.Deploy.0 = Debug|Any CPU
		{71F4C695-571A-4959-9F65-1DB65483B26B}.Debug|iPhoneSimulator.ActiveCfg = Debug|Any CPU
		{71F4C695-571A-4959-9F65-1DB65483B26B}.Debug|iPhoneSimulator.Build.0 = Debug|Any CPU
		{71F4C695-571A-4959-9F65-1DB65483B26B}.Debug|iPhoneSimulator.Deploy.0 = Debug|Any CPU
		{71F4C695-571A-4959-9F65-1DB65483B26B}.Release|Any CPU.ActiveCfg = Release|Any CPU
		{71F4C695-571A-4959-9F65-1DB65483B26B}.Release|Any CPU.Build.0 = Release|Any CPU
		{71F4C695-571A-4959-9F65-1DB65483B26B}.Release|Any CPU.Deploy.0 = Release|Any CPU
		{71F4C695-571A-4959-9F65-1DB65483B26B}.Release|iPhone.ActiveCfg = Release|Any CPU
		{71F4C695-571A-4959-9F65-1DB65483B26B}.Release|iPhone.Build.0 = Release|Any CPU
		{71F4C695-571A-4959-9F65-1DB65483B26B}.Release|iPhone.Deploy.0 = Release|Any CPU
		{71F4C695-571A-4959-9F65-1DB65483B26B}.Release|iPhoneSimulator.ActiveCfg = Release|Any CPU
		{71F4C695-571A-4959-9F65-1DB65483B26B}.Release|iPhoneSimulator.Build.0 = Release|Any CPU
		{71F4C695-571A-4959-9F65-1DB65483B26B}.Release|iPhoneSimulator.Deploy.0 = Release|Any CPU
		{A21BBB7F-F947-4359-A068-DA59E158A8EB}.Debug|Any CPU.ActiveCfg = Debug|iPhone
		{A21BBB7F-F947-4359-A068-DA59E158A8EB}.Debug|Any CPU.Build.0 = Debug|iPhone
		{A21BBB7F-F947-4359-A068-DA59E158A8EB}.Debug|Any CPU.Deploy.0 = Debug|iPhone
		{A21BBB7F-F947-4359-A068-DA59E158A8EB}.Debug|iPhone.ActiveCfg = Debug|iPhone
		{A21BBB7F-F947-4359-A068-DA59E158A8EB}.Debug|iPhone.Build.0 = Debug|iPhone
		{A21BBB7F-F947-4359-A068-DA59E158A8EB}.Debug|iPhone.Deploy.0 = Debug|iPhone
		{A21BBB7F-F947-4359-A068-DA59E158A8EB}.Debug|iPhoneSimulator.ActiveCfg = Debug|iPhoneSimulator
		{A21BBB7F-F947-4359-A068-DA59E158A8EB}.Debug|iPhoneSimulator.Build.0 = Debug|iPhoneSimulator
		{A21BBB7F-F947-4359-A068-DA59E158A8EB}.Debug|iPhoneSimulator.Deploy.0 = Debug|iPhoneSimulator
		{A21BBB7F-F947-4359-A068-DA59E158A8EB}.Release|Any CPU.ActiveCfg = Release|iPhoneSimulator
		{A21BBB7F-F947-4359-A068-DA59E158A8EB}.Release|Any CPU.Build.0 = Release|iPhoneSimulator
		{A21BBB7F-F947-4359-A068-DA59E158A8EB}.Release|Any CPU.Deploy.0 = Release|iPhoneSimulator
		{A21BBB7F-F947-4359-A068-DA59E158A8EB}.Release|iPhone.ActiveCfg = Release|iPhone
		{A21BBB7F-F947-4359-A068-DA59E158A8EB}.Release|iPhone.Build.0 = Release|iPhone
		{A21BBB7F-F947-4359-A068-DA59E158A8EB}.Release|iPhone.Deploy.0 = Release|iPhone
		{A21BBB7F-F947-4359-A068-DA59E158A8EB}.Release|iPhoneSimulator.ActiveCfg = Release|iPhoneSimulator
		{A21BBB7F-F947-4359-A068-DA59E158A8EB}.Release|iPhoneSimulator.Build.0 = Release|iPhoneSimulator
		{A21BBB7F-F947-4359-A068-DA59E158A8EB}.Release|iPhoneSimulator.Deploy.0 = Release|iPhoneSimulator
		{D36E4D36-3F65-496F-8BED-76ABB8F0D6AA}.Debug|Any CPU.ActiveCfg = Debug|Any CPU
		{D36E4D36-3F65-496F-8BED-76ABB8F0D6AA}.Debug|Any CPU.Build.0 = Debug|Any CPU
		{D36E4D36-3F65-496F-8BED-76ABB8F0D6AA}.Debug|Any CPU.Deploy.0 = Debug|Any CPU
		{D36E4D36-3F65-496F-8BED-76ABB8F0D6AA}.Debug|iPhone.ActiveCfg = Debug|Any CPU
		{D36E4D36-3F65-496F-8BED-76ABB8F0D6AA}.Debug|iPhone.Build.0 = Debug|Any CPU
		{D36E4D36-3F65-496F-8BED-76ABB8F0D6AA}.Debug|iPhone.Deploy.0 = Debug|Any CPU
		{D36E4D36-3F65-496F-8BED-76ABB8F0D6AA}.Debug|iPhoneSimulator.ActiveCfg = Debug|Any CPU
		{D36E4D36-3F65-496F-8BED-76ABB8F0D6AA}.Debug|iPhoneSimulator.Build.0 = Debug|Any CPU
		{D36E4D36-3F65-496F-8BED-76ABB8F0D6AA}.Debug|iPhoneSimulator.Deploy.0 = Debug|Any CPU
		{D36E4D36-3F65-496F-8BED-76ABB8F0D6AA}.Release|Any CPU.ActiveCfg = Release|Any CPU
		{D36E4D36-3F65-496F-8BED-76ABB8F0D6AA}.Release|Any CPU.Build.0 = Release|Any CPU
		{D36E4D36-3F65-496F-8BED-76ABB8F0D6AA}.Release|Any CPU.Deploy.0 = Release|Any CPU
		{D36E4D36-3F65-496F-8BED-76ABB8F0D6AA}.Release|iPhone.ActiveCfg = Release|Any CPU
		{D36E4D36-3F65-496F-8BED-76ABB8F0D6AA}.Release|iPhone.Build.0 = Release|Any CPU
		{D36E4D36-3F65-496F-8BED-76ABB8F0D6AA}.Release|iPhone.Deploy.0 = Release|Any CPU
		{D36E4D36-3F65-496F-8BED-76ABB8F0D6AA}.Release|iPhoneSimulator.ActiveCfg = Release|Any CPU
		{D36E4D36-3F65-496F-8BED-76ABB8F0D6AA}.Release|iPhoneSimulator.Build.0 = Release|Any CPU
		{D36E4D36-3F65-496F-8BED-76ABB8F0D6AA}.Release|iPhoneSimulator.Deploy.0 = Release|Any CPU
	EndGlobalSection
	GlobalSection(SolutionProperties) = preSolution
		HideSolutionNode = FALSE
	EndGlobalSection
	GlobalSection(ExtensibilityGlobals) = postSolution
		SolutionGuid = {1D80CAF4-E9C8-407A-A8F4-543C9ED0CEC9}
	EndGlobalSection
EndGlobal
